{
  "name": "food-insecurity-gis",
  "version": "0.0.0",
  "lockfileVersion": 1,
  "requires": true,
  "dependencies": {
    "csv-parse": {
      "version": "4.4.1",
      "resolved": "https://registry.npmjs.org/csv-parse/-/csv-parse-4.4.1.tgz",
      "integrity": "sha512-uFe5phPfmwBXSPWz5GYHeaEc2Oezn2kY5iLIvG1sJjc32Y4GU7T/b/uX5ffZh4CBDWwJQjwAuxrDEdl3Z5Qv+g=="
    },
    "promisify": {
      "version": "0.0.3",
      "resolved": "https://registry.npmjs.org/promisify/-/promisify-0.0.3.tgz",
      "integrity": "sha1-dU22HynuZHarVDxFtGTSH171VoY=",
      "requires": {
        "when": "^3.7.8"
      }
    },
    "when": {
      "version": "3.7.8",
      "resolved": "https://registry.npmjs.org/when/-/when-3.7.8.tgz",
      "integrity": "sha1-xxMLan6gRpPoQs3J56Hyqjmjn4I="
    }
  }
}
